lockfileVersion: '9.0'

settings:
  autoInstallPeers: true
  excludeLinksFromLockfile: false

importers:

  .:
    dependencies:
      '@web-speed-hackathon-2026/server':
        specifier: workspace:*
        version: 'link:'
      exif-reader:
        specifier: ^2.0.3
        version: 2.0.3

packages:

  exif-reader@2.0.3:
    resolution: {integrity: sha512-zFbQvguwT9JkqyYhR7pjE1Yn8SagwaGLNRU0Oh14xFa1paSf5Gzxn4gxgk0XhnudI0UIqU+HgnBX93+nva592A==}

snapshots:

  exif-reader@2.0.3: {}
